
Microsoft Visual Studio Solution File, Format Version 12.00
# Visual Studio 15
VisualStudioVersion = 15.0.27703.2026
MinimumVisualStudioVersion = 10.0.40219.1
Project("{2150E333-8FDC-42A3-9474-1A3956D46DE8}") = "Solution Items", "Solution Items", "{1CF77252-7A57-444F-A92D-1F8FD28A0FBB}"
	ProjectSection(SolutionItems) = preProject
		LocalTestRun.testrunconfig = LocalTestRun.testrunconfig
		TaskClerk.vsmdi = TaskClerk.vsmdi
		TaskClerk1.vsmdi = TaskClerk1.vsmdi
	EndProjectSection
EndProject
Project("{FAE04EC0-301F-11D3-BF4B-00C04F79EFBC}") = "TaskClerk.SDK", "SDK\TaskClerk.SDK.csproj", "{C5694696-5D82-4F4D-8662-41686BFF74BA}"
EndProject
Project("{FAE04EC0-301F-11D3-BF4B-00C04F79EFBC}") = "TaskClerk.Windows.Foundation", "Windows.Foundation\TaskClerk.Windows.Foundation.csproj", "{DD2B4CB3-B530-46A4-9445-F99B47456512}"
EndProject
Project("{FAE04EC0-301F-11D3-BF4B-00C04F79EFBC}") = "TaskClerk.WindowsClient", "Windows.Client\TaskClerk.WindowsClient.csproj", "{BB5273B7-BFA3-490B-B5B1-CC42BB9347EF}"
EndProject
Project("{FAE04EC0-301F-11D3-BF4B-00C04F79EFBC}") = "InstantAccess", "InstantAccess\InstantAccess.csproj", "{4FDAF5EC-D85B-4C12-9012-7A4CE4FBCBFA}"
EndProject
Project("{FAE04EC0-301F-11D3-BF4B-00C04F79EFBC}") = "PluginPack1", "PluginPack1\PluginPack1.csproj", "{C48D0A39-0FE4-4995-889B-207C28DDBA17}"
EndProject
Project("{FAE04EC0-301F-11D3-BF4B-00C04F79EFBC}") = "ExportPack1", "ExportPack1\ExportPack1.csproj", "{4EA927D4-7756-4B77-A578-A6010CC16A7F}"
EndProject
Project("{FAE04EC0-301F-11D3-BF4B-00C04F79EFBC}") = "Collateral", "Collateral\Collateral.csproj", "{E3619D34-455E-44D8-A869-05C86C13D186}"
EndProject
Project("{FAE04EC0-301F-11D3-BF4B-00C04F79EFBC}") = "ToDo", "ToDo\ToDo.csproj", "{46AD0E96-A570-4CF2-8E35-81A2E25AAB89}"
EndProject
Project("{FAE04EC0-301F-11D3-BF4B-00C04F79EFBC}") = "SqlProviders", "SqlProviders\SqlProviders.csproj", "{12E2A9B1-7DAE-44AC-B7EB-913E3BA7B4AA}"
EndProject
Project("{FAE04EC0-301F-11D3-BF4B-00C04F79EFBC}") = "MetaTaskPlugin", "MetaTaskPlugin\MetaTaskPlugin.csproj", "{AC89A33E-317A-4006-BAC3-29E435954AC0}"
EndProject
Project("{FAE04EC0-301F-11D3-BF4B-00C04F79EFBC}") = "InstantNotes", "InstantNotes\InstantNotes.csproj", "{F6151815-A6F5-43F5-9C20-0C2A53E77224}"
EndProject
Project("{FAE04EC0-301F-11D3-BF4B-00C04F79EFBC}") = "TaskClerk.UnitTests", "TaskClerkUnitTests\TaskClerk.UnitTests.csproj", "{70B99ACC-BB79-401E-86AF-765D4721D726}"
EndProject
Project("{FAE04EC0-301F-11D3-BF4B-00C04F79EFBC}") = "PluginPack2011", "PluginPack2011\PluginPack2011.csproj", "{28BF145B-775E-4971-8DB9-A6E50D2EB587}"
EndProject
Project("{FAE04EC0-301F-11D3-BF4B-00C04F79EFBC}") = "WebApiProvider", "WebApiProvider\WebApiProvider.csproj", "{1A646697-A71D-40C7-82C0-51219E2CA80F}"
EndProject
Project("{FAE04EC0-301F-11D3-BF4B-00C04F79EFBC}") = "Docs", "Docs\Docs.csproj", "{029C55A5-CEFD-4C73-9D13-BD79E289F609}"
EndProject
Global
	GlobalSection(SolutionConfigurationPlatforms) = preSolution
		Debug|Any CPU = Debug|Any CPU
		Debug|Mixed Platforms = Debug|Mixed Platforms
		Debug|x86 = Debug|x86
		Release|Any CPU = Release|Any CPU
		Release|Mixed Platforms = Release|Mixed Platforms
		Release|x86 = Release|x86
	EndGlobalSection
	GlobalSection(ProjectConfigurationPlatforms) = postSolution
		{C5694696-5D82-4F4D-8662-41686BFF74BA}.Debug|Any CPU.ActiveCfg = Debug|Any CPU
		{C5694696-5D82-4F4D-8662-41686BFF74BA}.Debug|Any CPU.Build.0 = Debug|Any CPU
		{C5694696-5D82-4F4D-8662-41686BFF74BA}.Debug|Mixed Platforms.ActiveCfg = Debug|Any CPU
		{C5694696-5D82-4F4D-8662-41686BFF74BA}.Debug|Mixed Platforms.Build.0 = Debug|Any CPU
		{C5694696-5D82-4F4D-8662-41686BFF74BA}.Debug|x86.ActiveCfg = Debug|Any CPU
		{C5694696-5D82-4F4D-8662-41686BFF74BA}.Release|Any CPU.ActiveCfg = Release|Any CPU
		{C5694696-5D82-4F4D-8662-41686BFF74BA}.Release|Any CPU.Build.0 = Release|Any CPU
		{C5694696-5D82-4F4D-8662-41686BFF74BA}.Release|Mixed Platforms.ActiveCfg = Release|Any CPU
		{C5694696-5D82-4F4D-8662-41686BFF74BA}.Release|Mixed Platforms.Build.0 = Release|Any CPU
		{C5694696-5D82-4F4D-8662-41686BFF74BA}.Release|x86.ActiveCfg = Release|Any CPU
		{DD2B4CB3-B530-46A4-9445-F99B47456512}.Debug|Any CPU.ActiveCfg = Debug|Any CPU
		{DD2B4CB3-B530-46A4-9445-F99B47456512}.Debug|Any CPU.Build.0 = Debug|Any CPU
		{DD2B4CB3-B530-46A4-9445-F99B47456512}.Debug|Mixed Platforms.ActiveCfg = Debug|Any CPU
		{DD2B4CB3-B530-46A4-9445-F99B47456512}.Debug|Mixed Platforms.Build.0 = Debug|Any CPU
		{DD2B4CB3-B530-46A4-9445-F99B47456512}.Debug|x86.ActiveCfg = Debug|Any CPU
		{DD2B4CB3-B530-46A4-9445-F99B47456512}.Release|Any CPU.ActiveCfg = Release|Any CPU
		{DD2B4CB3-B530-46A4-9445-F99B47456512}.Release|Any CPU.Build.0 = Release|Any CPU
		{DD2B4CB3-B530-46A4-9445-F99B47456512}.Release|Mixed Platforms.ActiveCfg = Release|Any CPU
		{DD2B4CB3-B530-46A4-9445-F99B47456512}.Release|Mixed Platforms.Build.0 = Release|Any CPU
		{DD2B4CB3-B530-46A4-9445-F99B47456512}.Release|x86.ActiveCfg = Release|Any CPU
		{BB5273B7-BFA3-490B-B5B1-CC42BB9347EF}.Debug|Any CPU.ActiveCfg = Debug|Any CPU
		{BB5273B7-BFA3-490B-B5B1-CC42BB9347EF}.Debug|Any CPU.Build.0 = Debug|Any CPU
		{BB5273B7-BFA3-490B-B5B1-CC42BB9347EF}.Debug|Mixed Platforms.ActiveCfg = Debug|Any CPU
		{BB5273B7-BFA3-490B-B5B1-CC42BB9347EF}.Debug|Mixed Platforms.Build.0 = Debug|Any CPU
		{BB5273B7-BFA3-490B-B5B1-CC42BB9347EF}.Debug|x86.ActiveCfg = Debug|Any CPU
		{BB5273B7-BFA3-490B-B5B1-CC42BB9347EF}.Release|Any CPU.ActiveCfg = Release|Any CPU
		{BB5273B7-BFA3-490B-B5B1-CC42BB9347EF}.Release|Any CPU.Build.0 = Release|Any CPU
		{BB5273B7-BFA3-490B-B5B1-CC42BB9347EF}.Release|Mixed Platforms.ActiveCfg = Release|Any CPU
		{BB5273B7-BFA3-490B-B5B1-CC42BB9347EF}.Release|Mixed Platforms.Build.0 = Release|Any CPU
		{BB5273B7-BFA3-490B-B5B1-CC42BB9347EF}.Release|x86.ActiveCfg = Release|Any CPU
		{4FDAF5EC-D85B-4C12-9012-7A4CE4FBCBFA}.Debug|Any CPU.ActiveCfg = Debug|Any CPU
		{4FDAF5EC-D85B-4C12-9012-7A4CE4FBCBFA}.Debug|Any CPU.Build.0 = Debug|Any CPU
		{4FDAF5EC-D85B-4C12-9012-7A4CE4FBCBFA}.Debug|Mixed Platforms.ActiveCfg = Debug|Any CPU
		{4FDAF5EC-D85B-4C12-9012-7A4CE4FBCBFA}.Debug|Mixed Platforms.Build.0 = Debug|Any CPU
		{4FDAF5EC-D85B-4C12-9012-7A4CE4FBCBFA}.Debug|x86.ActiveCfg = Debug|Any CPU
		{4FDAF5EC-D85B-4C12-9012-7A4CE4FBCBFA}.Release|Any CPU.ActiveCfg = Release|Any CPU
		{4FDAF5EC-D85B-4C12-9012-7A4CE4FBCBFA}.Release|Any CPU.Build.0 = Release|Any CPU
		{4FDAF5EC-D85B-4C12-9012-7A4CE4FBCBFA}.Release|Mixed Platforms.ActiveCfg = Release|Any CPU
		{4FDAF5EC-D85B-4C12-9012-7A4CE4FBCBFA}.Release|Mixed Platforms.Build.0 = Release|Any CPU
		{4FDAF5EC-D85B-4C12-9012-7A4CE4FBCBFA}.Release|x86.ActiveCfg = Release|Any CPU
		{C48D0A39-0FE4-4995-889B-207C28DDBA17}.Debug|Any CPU.ActiveCfg = Debug|Any CPU
		{C48D0A39-0FE4-4995-889B-207C28DDBA17}.Debug|Any CPU.Build.0 = Debug|Any CPU
		{C48D0A39-0FE4-4995-889B-207C28DDBA17}.Debug|Mixed Platforms.ActiveCfg = Debug|Any CPU
		{C48D0A39-0FE4-4995-889B-207C28DDBA17}.Debug|Mixed Platforms.Build.0 = Debug|Any CPU
		{C48D0A39-0FE4-4995-889B-207C28DDBA17}.Debug|x86.ActiveCfg = Debug|Any CPU
		{C48D0A39-0FE4-4995-889B-207C28DDBA17}.Release|Any CPU.ActiveCfg = Release|Any CPU
		{C48D0A39-0FE4-4995-889B-207C28DDBA17}.Release|Any CPU.Build.0 = Release|Any CPU
		{C48D0A39-0FE4-4995-889B-207C28DDBA17}.Release|Mixed Platforms.ActiveCfg = Release|Any CPU
		{C48D0A39-0FE4-4995-889B-207C28DDBA17}.Release|Mixed Platforms.Build.0 = Release|Any CPU
		{C48D0A39-0FE4-4995-889B-207C28DDBA17}.Release|x86.ActiveCfg = Release|Any CPU
		{4EA927D4-7756-4B77-A578-A6010CC16A7F}.Debug|Any CPU.ActiveCfg = Debug|Any CPU
		{4EA927D4-7756-4B77-A578-A6010CC16A7F}.Debug|Any CPU.Build.0 = Debug|Any CPU
		{4EA927D4-7756-4B77-A578-A6010CC16A7F}.Debug|Mixed Platforms.ActiveCfg = Debug|Any CPU
		{4EA927D4-7756-4B77-A578-A6010CC16A7F}.Debug|Mixed Platforms.Build.0 = Debug|Any CPU
		{4EA927D4-7756-4B77-A578-A6010CC16A7F}.Debug|x86.ActiveCfg = Debug|Any CPU
		{4EA927D4-7756-4B77-A578-A6010CC16A7F}.Release|Any CPU.ActiveCfg = Release|Any CPU
		{4EA927D4-7756-4B77-A578-A6010CC16A7F}.Release|Any CPU.Build.0 = Release|Any CPU
		{4EA927D4-7756-4B77-A578-A6010CC16A7F}.Release|Mixed Platforms.ActiveCfg = Release|Any CPU
		{4EA927D4-7756-4B77-A578-A6010CC16A7F}.Release|Mixed Platforms.Build.0 = Release|Any CPU
		{4EA927D4-7756-4B77-A578-A6010CC16A7F}.Release|x86.ActiveCfg = Release|Any CPU
		{E3619D34-455E-44D8-A869-05C86C13D186}.Debug|Any CPU.ActiveCfg = Debug|Any CPU
		{E3619D34-455E-44D8-A869-05C86C13D186}.Debug|Any CPU.Build.0 = Debug|Any CPU
		{E3619D34-455E-44D8-A869-05C86C13D186}.Debug|Mixed Platforms.ActiveCfg = Debug|Any CPU
		{E3619D34-455E-44D8-A869-05C86C13D186}.Debug|Mixed Platforms.Build.0 = Debug|Any CPU
		{E3619D34-455E-44D8-A869-05C86C13D186}.Debug|x86.ActiveCfg = Debug|Any CPU
		{E3619D34-455E-44D8-A869-05C86C13D186}.Release|Any CPU.ActiveCfg = Release|Any CPU
		{E3619D34-455E-44D8-A869-05C86C13D186}.Release|Any CPU.Build.0 = Release|Any CPU
		{E3619D34-455E-44D8-A869-05C86C13D186}.Release|Mixed Platforms.ActiveCfg = Release|Any CPU
		{E3619D34-455E-44D8-A869-05C86C13D186}.Release|Mixed Platforms.Build.0 = Release|Any CPU
		{E3619D34-455E-44D8-A869-05C86C13D186}.Release|x86.ActiveCfg = Release|Any CPU
		{46AD0E96-A570-4CF2-8E35-81A2E25AAB89}.Debug|Any CPU.ActiveCfg = Debug|Any CPU
		{46AD0E96-A570-4CF2-8E35-81A2E25AAB89}.Debug|Any CPU.Build.0 = Debug|Any CPU
		{46AD0E96-A570-4CF2-8E35-81A2E25AAB89}.Debug|Mixed Platforms.ActiveCfg = Debug|Any CPU
		{46AD0E96-A570-4CF2-8E35-81A2E25AAB89}.Debug|Mixed Platforms.Build.0 = Debug|Any CPU
		{46AD0E96-A570-4CF2-8E35-81A2E25AAB89}.Debug|x86.ActiveCfg = Debug|Any CPU
		{46AD0E96-A570-4CF2-8E35-81A2E25AAB89}.Release|Any CPU.ActiveCfg = Release|Any CPU
		{46AD0E96-A570-4CF2-8E35-81A2E25AAB89}.Release|Any CPU.Build.0 = Release|Any CPU
		{46AD0E96-A570-4CF2-8E35-81A2E25AAB89}.Release|Mixed Platforms.ActiveCfg = Release|Any CPU
		{46AD0E96-A570-4CF2-8E35-81A2E25AAB89}.Release|Mixed Platforms.Build.0 = Release|Any CPU
		{46AD0E96-A570-4CF2-8E35-81A2E25AAB89}.Release|x86.ActiveCfg = Release|Any CPU
		{12E2A9B1-7DAE-44AC-B7EB-913E3BA7B4AA}.Debug|Any CPU.ActiveCfg = Debug|Any CPU
		{12E2A9B1-7DAE-44AC-B7EB-913E3BA7B4AA}.Debug|Any CPU.Build.0 = Debug|Any CPU
		{12E2A9B1-7DAE-44AC-B7EB-913E3BA7B4AA}.Debug|Mixed Platforms.ActiveCfg = Debug|Any CPU
		{12E2A9B1-7DAE-44AC-B7EB-913E3BA7B4AA}.Debug|Mixed Platforms.Build.0 = Debug|Any CPU
		{12E2A9B1-7DAE-44AC-B7EB-913E3BA7B4AA}.Debug|x86.ActiveCfg = Debug|Any CPU
		{12E2A9B1-7DAE-44AC-B7EB-913E3BA7B4AA}.Release|Any CPU.ActiveCfg = Release|Any CPU
		{12E2A9B1-7DAE-44AC-B7EB-913E3BA7B4AA}.Release|Any CPU.Build.0 = Release|Any CPU
		{12E2A9B1-7DAE-44AC-B7EB-913E3BA7B4AA}.Release|Mixed Platforms.ActiveCfg = Release|Any CPU
		{12E2A9B1-7DAE-44AC-B7EB-913E3BA7B4AA}.Release|Mixed Platforms.Build.0 = Release|Any CPU
		{12E2A9B1-7DAE-44AC-B7EB-913E3BA7B4AA}.Release|x86.ActiveCfg = Release|Any CPU
		{AC89A33E-317A-4006-BAC3-29E435954AC0}.Debug|Any CPU.ActiveCfg = Debug|Any CPU
		{AC89A33E-317A-4006-BAC3-29E435954AC0}.Debug|Any CPU.Build.0 = Debug|Any CPU
		{AC89A33E-317A-4006-BAC3-29E435954AC0}.Debug|Mixed Platforms.ActiveCfg = Debug|Any CPU
		{AC89A33E-317A-4006-BAC3-29E435954AC0}.Debug|Mixed Platforms.Build.0 = Debug|Any CPU
		{AC89A33E-317A-4006-BAC3-29E435954AC0}.Debug|x86.ActiveCfg = Debug|Any CPU
		{AC89A33E-317A-4006-BAC3-29E435954AC0}.Release|Any CPU.ActiveCfg = Release|Any CPU
		{AC89A33E-317A-4006-BAC3-29E435954AC0}.Release|Any CPU.Build.0 = Release|Any CPU
		{AC89A33E-317A-4006-BAC3-29E435954AC0}.Release|Mixed Platforms.ActiveCfg = Release|Any CPU
		{AC89A33E-317A-4006-BAC3-29E435954AC0}.Release|Mixed Platforms.Build.0 = Release|Any CPU
		{AC89A33E-317A-4006-BAC3-29E435954AC0}.Release|x86.ActiveCfg = Release|Any CPU
		{F6151815-A6F5-43F5-9C20-0C2A53E77224}.Debug|Any CPU.ActiveCfg = Debug|Any CPU
		{F6151815-A6F5-43F5-9C20-0C2A53E77224}.Debug|Any CPU.Build.0 = Debug|Any CPU
		{F6151815-A6F5-43F5-9C20-0C2A53E77224}.Debug|Mixed Platforms.ActiveCfg = Debug|Any CPU
		{F6151815-A6F5-43F5-9C20-0C2A53E77224}.Debug|Mixed Platforms.Build.0 = Debug|Any CPU
		{F6151815-A6F5-43F5-9C20-0C2A53E77224}.Debug|x86.ActiveCfg = Debug|Any CPU
		{F6151815-A6F5-43F5-9C20-0C2A53E77224}.Release|Any CPU.ActiveCfg = Release|Any CPU
		{F6151815-A6F5-43F5-9C20-0C2A53E77224}.Release|Any CPU.Build.0 = Release|Any CPU
		{F6151815-A6F5-43F5-9C20-0C2A53E77224}.Release|Mixed Platforms.ActiveCfg = Release|Any CPU
		{F6151815-A6F5-43F5-9C20-0C2A53E77224}.Release|Mixed Platforms.Build.0 = Release|Any CPU
		{F6151815-A6F5-43F5-9C20-0C2A53E77224}.Release|x86.ActiveCfg = Release|Any CPU
		{70B99ACC-BB79-401E-86AF-765D4721D726}.Debug|Any CPU.ActiveCfg = Debug|Any CPU
		{70B99ACC-BB79-401E-86AF-765D4721D726}.Debug|Any CPU.Build.0 = Debug|Any CPU
		{70B99ACC-BB79-401E-86AF-765D4721D726}.Debug|Mixed Platforms.ActiveCfg = Debug|Any CPU
		{70B99ACC-BB79-401E-86AF-765D4721D726}.Debug|Mixed Platforms.Build.0 = Debug|Any CPU
		{70B99ACC-BB79-401E-86AF-765D4721D726}.Debug|x86.ActiveCfg = Debug|Any CPU
		{70B99ACC-BB79-401E-86AF-765D4721D726}.Release|Any CPU.ActiveCfg = Release|Any CPU
		{70B99ACC-BB79-401E-86AF-765D4721D726}.Release|Any CPU.Build.0 = Release|Any CPU
		{70B99ACC-BB79-401E-86AF-765D4721D726}.Release|Mixed Platforms.ActiveCfg = Release|Any CPU
		{70B99ACC-BB79-401E-86AF-765D4721D726}.Release|Mixed Platforms.Build.0 = Release|Any CPU
		{70B99ACC-BB79-401E-86AF-765D4721D726}.Release|x86.ActiveCfg = Release|Any CPU
		{28BF145B-775E-4971-8DB9-A6E50D2EB587}.Debug|Any CPU.ActiveCfg = Debug|Any CPU
		{28BF145B-775E-4971-8DB9-A6E50D2EB587}.Debug|Any CPU.Build.0 = Debug|Any CPU
		{28BF145B-775E-4971-8DB9-A6E50D2EB587}.Debug|Mixed Platforms.ActiveCfg = Debug|Any CPU
		{28BF145B-775E-4971-8DB9-A6E50D2EB587}.Debug|Mixed Platforms.Build.0 = Debug|Any CPU
		{28BF145B-775E-4971-8DB9-A6E50D2EB587}.Debug|x86.ActiveCfg = Debug|Any CPU
		{28BF145B-775E-4971-8DB9-A6E50D2EB587}.Release|Any CPU.ActiveCfg = Release|Any CPU
		{28BF145B-775E-4971-8DB9-A6E50D2EB587}.Release|Any CPU.Build.0 = Release|Any CPU
		{28BF145B-775E-4971-8DB9-A6E50D2EB587}.Release|Mixed Platforms.ActiveCfg = Release|Any CPU
		{28BF145B-775E-4971-8DB9-A6E50D2EB587}.Release|Mixed Platforms.Build.0 = Release|Any CPU
		{28BF145B-775E-4971-8DB9-A6E50D2EB587}.Release|x86.ActiveCfg = Release|Any CPU
		{1A646697-A71D-40C7-82C0-51219E2CA80F}.Debug|Any CPU.ActiveCfg = Debug|Any CPU
		{1A646697-A71D-40C7-82C0-51219E2CA80F}.Debug|Any CPU.Build.0 = Debug|Any CPU
		{1A646697-A71D-40C7-82C0-51219E2CA80F}.Debug|Mixed Platforms.ActiveCfg = Debug|Any CPU
		{1A646697-A71D-40C7-82C0-51219E2CA80F}.Debug|Mixed Platforms.Build.0 = Debug|Any CPU
		{1A646697-A71D-40C7-82C0-51219E2CA80F}.Debug|x86.ActiveCfg = Debug|Any CPU
		{1A646697-A71D-40C7-82C0-51219E2CA80F}.Release|Any CPU.ActiveCfg = Release|Any CPU
		{1A646697-A71D-40C7-82C0-51219E2CA80F}.Release|Any CPU.Build.0 = Release|Any CPU
		{1A646697-A71D-40C7-82C0-51219E2CA80F}.Release|Mixed Platforms.ActiveCfg = Release|Any CPU
		{1A646697-A71D-40C7-82C0-51219E2CA80F}.Release|Mixed Platforms.Build.0 = Release|Any CPU
		{1A646697-A71D-40C7-82C0-51219E2CA80F}.Release|x86.ActiveCfg = Release|Any CPU
		{029C55A5-CEFD-4C73-9D13-BD79E289F609}.Debug|Any CPU.ActiveCfg = Debug|Any CPU
		{029C55A5-CEFD-4C73-9D13-BD79E289F609}.Debug|Any CPU.Build.0 = Debug|Any CPU
		{029C55A5-CEFD-4C73-9D13-BD79E289F609}.Debug|Mixed Platforms.ActiveCfg = Debug|Any CPU
		{029C55A5-CEFD-4C73-9D13-BD79E289F609}.Debug|Mixed Platforms.Build.0 = Debug|Any CPU
		{029C55A5-CEFD-4C73-9D13-BD79E289F609}.Debug|x86.ActiveCfg = Debug|Any CPU
		{029C55A5-CEFD-4C73-9D13-BD79E289F609}.Debug|x86.Build.0 = Debug|Any CPU
		{029C55A5-CEFD-4C73-9D13-BD79E289F609}.Release|Any CPU.ActiveCfg = Release|Any CPU
		{029C55A5-CEFD-4C73-9D13-BD79E289F609}.Release|Any CPU.Build.0 = Release|Any CPU
		{029C55A5-CEFD-4C73-9D13-BD79E289F609}.Release|Mixed Platforms.ActiveCfg = Release|Any CPU
		{029C55A5-CEFD-4C73-9D13-BD79E289F609}.Release|Mixed Platforms.Build.0 = Release|Any CPU
		{029C55A5-CEFD-4C73-9D13-BD79E289F609}.Release|x86.ActiveCfg = Release|Any CPU
		{029C55A5-CEFD-4C73-9D13-BD79E289F609}.Release|x86.Build.0 = Release|Any CPU
	EndGlobalSection
	GlobalSection(SolutionProperties) = preSolution
		HideSolutionNode = FALSE
	EndGlobalSection
	GlobalSection(ExtensibilityGlobals) = postSolution
		SolutionGuid = {31E6BCAF-55B8-4FD7-9433-6E335C5F2E75}
	EndGlobalSection
	GlobalSection(TestCaseManagementSettings) = postSolution
		CategoryFile = TaskClerk1.vsmdi
	EndGlobalSection
EndGlobal
